<?xml version="1.0" encoding="utf-8"?>
<Project ToolsVersion="4.0" xmlns="http://schemas.microsoft.com/developer/msbuild/2003">
  <ItemGroup>
    <Filter Include="Source Files">
      <UniqueIdentifier>{4FC737F1-C7A5-4376-A066-2A32D752A2FF}</UniqueIdentifier>
      <Extensions>cpp;c;cc;cxx;c++;cppm;ixx;def;odl;idl;hpj;bat;asm;asmx</Extensions>
    </Filter>
    <Filter Include="Header Files">
      <UniqueIdentifier>{93995380-89BD-4b04-88EB-625FBE52EBFB}</UniqueIdentifier>
      <Extensions>h;hh;hpp;hxx;h++;hm;inl;inc;ipp;xsd</Extensions>
    </Filter>
    <Filter Include="Resource Files">
      <UniqueIdentifier>{67DA6AB6-F800-4c08-8B7A-83BB121AAD01}</UniqueIdentifier>
      <Extensions>rc;ico;cur;bmp;dlg;rc2;rct;bin;rgs;gif;jpg;jpeg;jpe;resx;tiff;tif;png;wav;mfcribbon-ms</Extensions>
    </Filter>
    <Filter Include="Header Files\imgui">
      <UniqueIdentifier>{f7aa4902-dacf-4d9c-9c57-ca0aa8b76fb8}</UniqueIdentifier>
    </Filter>
    <Filter Include="Source Files\imgui">
      <UniqueIdentifier>{b0af48d8-2fb9-46d7-a277-ef4b9edee876}</UniqueIdentifier>
    </Filter>
    <Filter Include="Header Files\glm">
      <UniqueIdentifier>{b676a499-eb7f-42de-afd1-709578304178}</UniqueIdentifier>
    </Filter>
    <Filter Include="Resource Files\assets">
      <UniqueIdentifier>{6c8ee1e4-7e69-4d5c-9d61-ae6b073f1f89}</UniqueIdentifier>
    </Filter>
    <Filter Include="Resource Files\assets\textures">
      <UniqueIdentifier>{29bc3025-9e0d-4568-87a4-256681b590bf}</UniqueIdentifier>
    </Filter>
    <Filter Include="Resource Files\assets\shaders">
      <UniqueIdentifier>{81ed9cc0-2c50-4b29-a1a8-040742c47205}</UniqueIdentifier>
    </Filter>
    <Filter Include="Resource Files\json">
      <UniqueIdentifier>{44e5d2ea-7dac-4bd3-9f19-ff8909ca3ef8}</UniqueIdentifier>
    </Filter>
  </ItemGroup>
  <ItemGroup>
    <ClCompile Include="src\glad.c">
      <Filter>Source Files</Filter>
    </ClCompile>
    <ClCompile Include="src\main.cpp">
      <Filter>Source Files</Filter>
    </ClCompile>
    <ClCompile Include="src\stb_image.cpp">
      <Filter>Source Files</Filter>
    </ClCompile>
    <ClCompile Include="src\BlockRegistry.cpp">
      <Filter>Source Files</Filter>
    </ClCompile>
    <ClCompile Include="src\Chunk.cpp">
      <Filter>Source Files</Filter>
    </ClCompile>
    <ClCompile Include="src\Mesh.cpp">
      <Filter>Source Files</Filter>
    </ClCompile>
    <ClCompile Include="src\Shader.cpp">
      <Filter>Source Files</Filter>
    </ClCompile>
    <ClCompile Include="src\VAO.cpp">
      <Filter>Source Files</Filter>
    </ClCompile>
    <ClCompile Include="src\VBO.cpp">
      <Filter>Source Files</Filter>
    </ClCompile>
    <ClCompile Include="src\EBO.cpp">
      <Filter>Source Files</Filter>
    </ClCompile>
    <ClCompile Include="src\stb_image_write.cpp">
      <Filter>Source Files</Filter>
    </ClCompile>
    <ClCompile Include="src\stb_rect_pack.cpp">
      <Filter>Source Files</Filter>
    </ClCompile>
    <ClCompile Include="src\Renderer.cpp">
      <Filter>Source Files</Filter>
    </ClCompile>
    <ClCompile Include="src\Camera.cpp">
      <Filter>Source Files</Filter>
    </ClCompile>
    <ClCompile Include="src\LightManager.cpp">
      <Filter>Source Files</Filter>
    </ClCompile>
    <ClCompile Include="src\Coordinates.cpp">
      <Filter>Source Files</Filter>
    </ClCompile>
    <ClCompile Include="src\Game.cpp">
      <Filter>Source Files</Filter>
    </ClCompile>
    <ClCompile Include="src\World.cpp">
      <Filter>Source Files</Filter>
    </ClCompile>
    <ClCompile Include="src\ChunkMesher.cpp">
      <Filter>Source Files</Filter>
    </ClCompile>
    <ClCompile Include="src\ResourceManager.cpp">
      <Filter>Source Files</Filter>
    </ClCompile>
    <ClCompile Include="src\imgui\imgui_demo.cpp">
      <Filter>Source Files\imgui</Filter>
    </ClCompile>
    <ClCompile Include="src\imgui\imgui_draw.cpp">
      <Filter>Source Files\imgui</Filter>
    </ClCompile>
    <ClCompile Include="src\imgui\imgui_impl_glfw.cpp">
      <Filter>Source Files\imgui</Filter>
    </ClCompile>
    <ClCompile Include="src\imgui\imgui_impl_opengl3.cpp">
      <Filter>Source Files\imgui</Filter>
    </ClCompile>
    <ClCompile Include="src\imgui\imgui_tables.cpp">
      <Filter>Source Files\imgui</Filter>
    </ClCompile>
    <ClCompile Include="src\imgui\imgui_widgets.cpp">
      <Filter>Source Files\imgui</Filter>
    </ClCompile>
    <ClCompile Include="src\imgui\imgui.cpp">
      <Filter>Source Files\imgui</Filter>
    </ClCompile>
    <ClCompile Include="src\TextureLibrary.cpp">
      <Filter>Source Files</Filter>
    </ClCompile>
    <ClCompile Include="src\whereami.c">
      <Filter>Source Files</Filter>
    </ClCompile>
    <ClCompile Include="src\Paths.cpp">
      <Filter>Source Files</Filter>
    </ClCompile>
    <ClCompile Include="src\DebugRegistry.cpp">
      <Filter>Source Files</Filter>
    </ClCompile>
    <ClCompile Include="src\Vertex.cpp">
      <Filter>Source Files</Filter>
    </ClCompile>
  </ItemGroup>
  <ItemGroup>
    <ClInclude Include="include\EBO.hpp">
      <Filter>Header Files</Filter>
    </ClInclude>
    <ClInclude Include="include\VAO.hpp">
      <Filter>Header Files</Filter>
    </ClInclude>
    <ClInclude Include="include\VBO.hpp">
      <Filter>Header Files</Filter>
    </ClInclude>
    <ClInclude Include="include\stb_image.h">
      <Filter>Header Files</Filter>
    </ClInclude>
    <ClInclude Include="include\glm\gtc\matrix_transform.hpp">
      <Filter>Header Files</Filter>
    </ClInclude>
    <ClInclude Include="include\glm\gtc\type_ptr.hpp">
      <Filter>Header Files</Filter>
    </ClInclude>
    <ClInclude Include="include\Camera.hpp">
      <Filter>Header Files</Filter>
    </ClInclude>
    <ClInclude Include="include\Mesh.hpp">
      <Filter>Header Files</Filter>
    </ClInclude>
    <ClInclude Include="include\Vertex.hpp">
      <Filter>Header Files</Filter>
    </ClInclude>
    <ClInclude Include="include\BlockRegistry.hpp">
      <Filter>Header Files</Filter>
    </ClInclude>
    <ClInclude Include="include\Shader.hpp">
      <Filter>Header Files</Filter>
    </ClInclude>
    <ClInclude Include="include\Chunk.hpp">
      <Filter>Header Files</Filter>
    </ClInclude>
    <ClInclude Include="include\BlockDefinition.hpp">
      <Filter>Header Files</Filter>
    </ClInclude>
    <ClInclude Include="include\stb_rect_pack.h">
      <Filter>Header Files</Filter>
    </ClInclude>
    <ClInclude Include="include\stb_image_write.h">
      <Filter>Header Files</Filter>
    </ClInclude>
    <ClInclude Include="include\json.hpp">
      <Filter>Header Files</Filter>
    </ClInclude>
    <ClInclude Include="include\Renderer.hpp">
      <Filter>Header Files</Filter>
    </ClInclude>
    <ClInclude Include="include\LightManager.hpp">
      <Filter>Header Files</Filter>
    </ClInclude>
    <ClInclude Include="include\Coordinates.hpp">
      <Filter>Header Files</Filter>
    </ClInclude>
    <ClInclude Include="include\Game.hpp">
      <Filter>Header Files</Filter>
    </ClInclude>
    <ClInclude Include="include\World.hpp">
      <Filter>Header Files</Filter>
    </ClInclude>
    <ClInclude Include="include\ChunkMesher.hpp">
      <Filter>Header Files</Filter>
    </ClInclude>
    <ClInclude Include="include\ResourceManager.hpp">
      <Filter>Header Files</Filter>
    </ClInclude>
    <ClInclude Include="include\FastNoiseLite.h">
      <Filter>Header Files</Filter>
    </ClInclude>
    <ClInclude Include="include\imgui\imgui_impl_glfw.h">
      <Filter>Header Files\imgui</Filter>
    </ClInclude>
    <ClInclude Include="include\imgui\imgui_impl_opengl3.h">
      <Filter>Header Files\imgui</Filter>
    </ClInclude>
    <ClInclude Include="include\imgui\imgui_impl_opengl3_loader.h">
      <Filter>Header Files\imgui</Filter>
    </ClInclude>
    <ClInclude Include="include\imgui\imstb_rectpack.h">
      <Filter>Header Files\imgui</Filter>
    </ClInclude>
    <ClInclude Include="include\imgui\imstb_textedit.h">
      <Filter>Header Files\imgui</Filter>
    </ClInclude>
    <ClInclude Include="include\imgui\imstb_truetype.h">
      <Filter>Header Files\imgui</Filter>
    </ClInclude>
    <ClInclude Include="include\imgui\imgui_internal.h">
      <Filter>Header Files\imgui</Filter>
    </ClInclude>
    <ClInclude Include="include\imgui\imconfig.h">
      <Filter>Header Files\imgui</Filter>
    </ClInclude>
    <ClInclude Include="include\imgui\imgui.h">
      <Filter>Header Files\imgui</Filter>
    </ClInclude>
    <ClInclude Include="include\GPUBlockDefinition.hpp">
      <Filter>Header Files</Filter>
    </ClInclude>
    <ClInclude Include="include\glm\vector_relational.hpp">
      <Filter>Header Files\glm</Filter>
    </ClInclude>
    <ClInclude Include="include\glm\ext.hpp">
      <Filter>Header Files\glm</Filter>
    </ClInclude>
    <ClInclude Include="include\glm\fwd.hpp">
      <Filter>Header Files\glm</Filter>
    </ClInclude>
    <ClInclude Include="include\glm\geometric.hpp">
      <Filter>Header Files\glm</Filter>
    </ClInclude>
    <ClInclude Include="include\glm\glm.hpp">
      <Filter>Header Files\glm</Filter>
    </ClInclude>
    <ClInclude Include="include\glm\integer.hpp">
      <Filter>Header Files\glm</Filter>
    </ClInclude>
    <ClInclude Include="include\glm\mat2x2.hpp">
      <Filter>Header Files\glm</Filter>
    </ClInclude>
    <ClInclude Include="include\glm\mat2x3.hpp">
      <Filter>Header Files\glm</Filter>
    </ClInclude>
    <ClInclude Include="include\glm\mat2x4.hpp">
      <Filter>Header Files\glm</Filter>
    </ClInclude>
    <ClInclude Include="include\glm\mat3x2.hpp">
      <Filter>Header Files\glm</Filter>
    </ClInclude>
    <ClInclude Include="include\glm\mat3x3.hpp">
      <Filter>Header Files\glm</Filter>
    </ClInclude>
    <ClInclude Include="include\glm\mat3x4.hpp">
      <Filter>Header Files\glm</Filter>
    </ClInclude>
    <ClInclude Include="include\glm\mat4x2.hpp">
      <Filter>Header Files\glm</Filter>
    </ClInclude>
    <ClInclude Include="include\glm\mat4x3.hpp">
      <Filter>Header Files\glm</Filter>
    </ClInclude>
    <ClInclude Include="include\glm\mat4x4.hpp">
      <Filter>Header Files\glm</Filter>
    </ClInclude>
    <ClInclude Include="include\glm\matrix.hpp">
      <Filter>Header Files\glm</Filter>
    </ClInclude>
    <ClInclude Include="include\glm\packing.hpp">
      <Filter>Header Files\glm</Filter>
    </ClInclude>
    <ClInclude Include="include\glm\trigonometric.hpp">
      <Filter>Header Files\glm</Filter>
    </ClInclude>
    <ClInclude Include="include\glm\vec2.hpp">
      <Filter>Header Files\glm</Filter>
    </ClInclude>
    <ClInclude Include="include\glm\vec3.hpp">
      <Filter>Header Files\glm</Filter>
    </ClInclude>
    <ClInclude Include="include\glm\vec4.hpp">
      <Filter>Header Files\glm</Filter>
    </ClInclude>
    <ClInclude Include="..\..\..\..\..\..\opengl\Include\glad\glad.h">
      <Filter>Header Files</Filter>
    </ClInclude>
    <ClInclude Include="include\TextureLibrary.hpp">
      <Filter>Header Files</Filter>
    </ClInclude>
    <ClInclude Include="include\whereami.h">
      <Filter>Header Files</Filter>
    </ClInclude>
    <ClInclude Include="include\Paths.hpp">
      <Filter>Header Files</Filter>
    </ClInclude>
    <ClInclude Include="include\RenderRequest.hpp">
      <Filter>Header Files</Filter>
    </ClInclude>
    <ClInclude Include="include\DebugRegistry.hpp">
      <Filter>Header Files</Filter>
    </ClInclude>
  </ItemGroup>
  <ItemGroup>
    <CopyFileToFolders Include="assets\shaders\lightCubeShader.fs">
      <Filter>Resource Files\assets\shaders</Filter>
    </CopyFileToFolders>
    <CopyFileToFolders Include="assets\shaders\lightCubeShader.vs">
      <Filter>Resource Files\assets\shaders</Filter>
    </CopyFileToFolders>
    <CopyFileToFolders Include="assets\shaders\lightingShader.fs">
      <Filter>Resource Files\assets\shaders</Filter>
    </CopyFileToFolders>
    <CopyFileToFolders Include="assets\shaders\lightingShader.vs">
      <Filter>Resource Files\assets\shaders</Filter>
    </CopyFileToFolders>
    <CopyFileToFolders Include="assets\textures\cobblestone.png">
      <Filter>Resource Files\assets\textures</Filter>
    </CopyFileToFolders>
    <CopyFileToFolders Include="assets\textures\default.png">
      <Filter>Resource Files\assets\textures</Filter>
    </CopyFileToFolders>
    <CopyFileToFolders Include="assets\textures\dirt.png">
      <Filter>Resource Files\assets\textures</Filter>
    </CopyFileToFolders>
    <CopyFileToFolders Include="assets\textures\grass.png">
      <Filter>Resource Files\assets\textures</Filter>
    </CopyFileToFolders>
    <CopyFileToFolders Include="assets\textures\iron_block.png">
      <Filter>Resource Files\assets\textures</Filter>
    </CopyFileToFolders>
    <CopyFileToFolders Include="assets\textures\iron_block_side.png">
      <Filter>Resource Files\assets\textures</Filter>
    </CopyFileToFolders>
    <CopyFileToFolders Include="json\blocks.json">
      <Filter>Resource Files\json</Filter>
    </CopyFileToFolders>
  </ItemGroup>
  <ItemGroup>
    <None Include="include\Vertex.inl">
      <Filter>Header Files</Filter>
    </None>
  </ItemGroup>
</Project>